
Microsoft Visual Studio Solution File, Format Version 12.00
# Visual Studio Version 17
VisualStudioVersion = 17.5.2.0
MinimumVisualStudioVersion = 10.0.40219.1
Project("{FAE04EC0-301F-11D3-BF4B-00C04F79EFBC}") = "Brännbollsräknare", "Brännbollsräknare.csproj", "{352C6E27-F834-B75D-F5EC-6A2F888DCE4C}"
EndProject
Global
	GlobalSection(SolutionConfigurationPlatforms) = preSolution
		Debug|Any CPU = Debug|Any CPU
		Release|Any CPU = Release|Any CPU
	EndGlobalSection
	GlobalSection(ProjectConfigurationPlatforms) = postSolution
		{352C6E27-F834-B75D-F5EC-6A2F888DCE4C}.Debug|Any CPU.ActiveCfg = Debug|Any CPU
		{352C6E27-F834-B75D-F5EC-6A2F888DCE4C}.Debug|Any CPU.Build.0 = Debug|Any CPU
		{352C6E27-F834-B75D-F5EC-6A2F888DCE4C}.Release|Any CPU.ActiveCfg = Release|Any CPU
		{352C6E27-F834-B75D-F5EC-6A2F888DCE4C}.Release|Any CPU.Build.0 = Release|Any CPU
	EndGlobalSection
	GlobalSection(SolutionProperties) = preSolution
		HideSolutionNode = FALSE
	EndGlobalSection
	GlobalSection(ExtensibilityGlobals) = postSolution
		SolutionGuid = {AFDA7D7D-F92C-4833-B4AB-D7E5ECC7E62C}
	EndGlobalSection
EndGlobal
